// !$*UTF8*$!
{
	archiveVersion = 1;
	classes = {
	};
	objectVersion = 56;
	objects = {

/* Begin PBXBuildFile section */
		000000000000000000000101 /* SelectBestPhotoApp.swift in Sources */ = {isa = PBXBuildFile; fileRef = 000000000000000000000201 /* SelectBestPhotoApp.swift */; };
		000000000000000000000102 /* HomeView.swift in Sources */ = {isa = PBXBuildFile; fileRef = 000000000000000000000202 /* HomeView.swift */; };
		000000000000000000000103 /* SelectBestPhotoTests.swift in Sources */ = {isa = PBXBuildFile; fileRef = 000000000000000000000203 /* SelectBestPhotoTests.swift */; };
		000000000000000000000104 /* SelectBestPhotoUITests.swift in Sources */ = {isa = PBXBuildFile; fileRef = 000000000000000000000204 /* SelectBestPhotoUITests.swift */; };
		000000000000000000000105 /* FirebaseCore in Frameworks */ = {isa = PBXBuildFile; productRef = 000000000000000000000D01 /* FirebaseCore */; };
		000000000000000000000106 /* FirebaseAuth in Frameworks */ = {isa = PBXBuildFile; productRef = 000000000000000000000D02 /* FirebaseAuth */; };
		000000000000000000000107 /* FirebaseFirestore in Frameworks */ = {isa = PBXBuildFile; productRef = 000000000000000000000D03 /* FirebaseFirestore */; };
		000000000000000000000108 /* FirebaseStorage in Frameworks */ = {isa = PBXBuildFile; productRef = 000000000000000000000D04 /* FirebaseStorage */; };
		000000000000000000000109 /* AppDelegate.swift in Sources */ = {isa = PBXBuildFile; fileRef = 000000000000000000000208 /* AppDelegate.swift */; };
/* End PBXBuildFile section */

/* Begin PBXContainerItemProxy section */
		000000000000000000000301 /* PBXContainerItemProxy */ = {
			isa = PBXContainerItemProxy;
			containerPortal = 000000000000000000000001 /* Project object */;
			proxyType = 1;
			remoteGlobalIDString = 000000000000000000000401;
			remoteInfo = SelectBestPhoto;
		};
		000000000000000000000302 /* PBXContainerItemProxy */ = {
			isa = PBXContainerItemProxy;
			containerPortal = 000000000000000000000001 /* Project object */;
			proxyType = 1;
			remoteGlobalIDString = 000000000000000000000401;
			remoteInfo = SelectBestPhoto;
		};
/* End PBXContainerItemProxy section */

/* Begin PBXFileReference section */
		000000000000000000000201 /* SelectBestPhotoApp.swift */ = {isa = PBXFileReference; lastKnownFileType = sourcecode.swift; path = SelectBestPhotoApp.swift; sourceTree = "<group>"; };
		000000000000000000000202 /* HomeView.swift */ = {isa = PBXFileReference; lastKnownFileType = sourcecode.swift; path = HomeView.swift; sourceTree = "<group>"; };
		000000000000000000000203 /* SelectBestPhotoTests.swift */ = {isa = PBXFileReference; lastKnownFileType = sourcecode.swift; path = SelectBestPhotoTests.swift; sourceTree = "<group>"; };
		000000000000000000000204 /* SelectBestPhotoUITests.swift */ = {isa = PBXFileReference; lastKnownFileType = sourcecode.swift; path = SelectBestPhotoUITests.swift; sourceTree = "<group>"; };
		000000000000000000000205 /* SelectBestPhoto.app */ = {isa = PBXFileReference; explicitFileType = wrapper.application; includeInIndex = 0; path = SelectBestPhoto.app; sourceTree = BUILT_PRODUCTS_DIR; };
		000000000000000000000206 /* SelectBestPhotoTests.xctest */ = {isa = PBXFileReference; explicitFileType = wrapper.cfbundle; includeInIndex = 0; path = SelectBestPhotoTests.xctest; sourceTree = BUILT_PRODUCTS_DIR; };
		000000000000000000000207 /* SelectBestPhotoUITests.xctest */ = {isa = PBXFileReference; explicitFileType = wrapper.cfbundle; includeInIndex = 0; path = SelectBestPhotoUITests.xctest; sourceTree = BUILT_PRODUCTS_DIR; };
		000000000000000000000208 /* AppDelegate.swift */ = {isa = PBXFileReference; lastKnownFileType = sourcecode.swift; path = AppDelegate.swift; sourceTree = "<group>"; };
/* End PBXFileReference section */

/* Begin PBXFrameworksBuildPhase section */
		000000000000000000000501 /* Frameworks */ = {
			isa = PBXFrameworksBuildPhase;
			buildActionMask = 2147483647;
			files = (
				000000000000000000000105 /* FirebaseCore in Frameworks */,
				000000000000000000000106 /* FirebaseAuth in Frameworks */,
				000000000000000000000107 /* FirebaseFirestore in Frameworks */,
				000000000000000000000108 /* FirebaseStorage in Frameworks */,
			);
			runOnlyForDeploymentPostprocessing = 0;
		};
		000000000000000000000502 /* Frameworks */ = {isa = PBXFrameworksBuildPhase; buildActionMask = 2147483647; files = (); runOnlyForDeploymentPostprocessing = 0; };
		000000000000000000000503 /* Frameworks */ = {isa = PBXFrameworksBuildPhase; buildActionMask = 2147483647; files = (); runOnlyForDeploymentPostprocessing = 0; };
/* End PBXFrameworksBuildPhase section */

/* Begin PBXGroup section */
		000000000000000000000601 = {
			isa = PBXGroup;
			children = (
				000000000000000000000602 /* SelectBestPhoto */,
				000000000000000000000606 /* SelectBestPhotoTests */,
				000000000000000000000607 /* SelectBestPhotoUITests */,
				000000000000000000000608 /* Products */,
			);
			sourceTree = "<group>";
		};
		000000000000000000000602 /* SelectBestPhoto */ = {
			isa = PBXGroup;
			children = (
				000000000000000000000603 /* App */,
				000000000000000000000604 /* Features */,
				00000000000000000000060A /* Models */,
				00000000000000000000060B /* Services */,
				00000000000000000000060F /* Shared */,
				000000000000000000000605 /* Resources */,
			);
			path = SelectBestPhoto;
			sourceTree = "<group>";
		};
		000000000000000000000603 /* App */ = {
			isa = PBXGroup;
			children = (
				000000000000000000000201 /* SelectBestPhotoApp.swift */,
				000000000000000000000208 /* AppDelegate.swift */,
			);
			path = App;
			sourceTree = "<group>";
		};
		000000000000000000000604 /* Features */ = {
			isa = PBXGroup;
			children = (
				000000000000000000000609 /* Home */,
				000000000000000000000610 /* Pairing */,
				000000000000000000000611 /* MonthlyBest */,
				000000000000000000000612 /* AnnualBest */,
				000000000000000000000613 /* CustomCategories */,
				000000000000000000000614 /* TextCategories */,
				000000000000000000000615 /* RevivalPicks */,
				000000000000000000000616 /* ResultReveal */,
				000000000000000000000617 /* Settings */,
			);
			path = Features;
			sourceTree = "<group>";
		};
		000000000000000000000605 /* Resources */ = {
			isa = PBXGroup;
			children = (
			);
			path = Resources;
			sourceTree = "<group>";
		};
		000000000000000000000606 /* SelectBestPhotoTests */ = {
			isa = PBXGroup;
			children = (
				000000000000000000000203 /* SelectBestPhotoTests.swift */,
			);
			path = SelectBestPhotoTests;
			sourceTree = "<group>";
		};
		000000000000000000000607 /* SelectBestPhotoUITests */ = {
			isa = PBXGroup;
			children = (
				000000000000000000000204 /* SelectBestPhotoUITests.swift */,
			);
			path = SelectBestPhotoUITests;
			sourceTree = "<group>";
		};
		000000000000000000000608 /* Products */ = {
			isa = PBXGroup;
			children = (
				000000000000000000000205 /* SelectBestPhoto.app */,
				000000000000000000000206 /* SelectBestPhotoTests.xctest */,
				000000000000000000000207 /* SelectBestPhotoUITests.xctest */,
			);
			name = Products;
			sourceTree = "<group>";
		};
		000000000000000000000609 /* Home */ = {
			isa = PBXGroup;
			children = (
				000000000000000000000202 /* HomeView.swift */,
			);
			path = Home;
			sourceTree = "<group>";
		};
		00000000000000000000060A /* Models */ = {isa = PBXGroup; children = (); path = Models; sourceTree = "<group>"; };
		00000000000000000000060B /* Services */ = {
			isa = PBXGroup;
			children = (
				00000000000000000000060C /* Firebase */,
				00000000000000000000060D /* Media */,
				00000000000000000000060E /* Cache */,
				000000000000000000000618 /* Storage */,
			);
			path = Services;
			sourceTree = "<group>";
		};
		00000000000000000000060C /* Firebase */ = {isa = PBXGroup; children = (); path = Firebase; sourceTree = "<group>"; };
		00000000000000000000060D /* Media */ = {isa = PBXGroup; children = (); path = Media; sourceTree = "<group>"; };
		00000000000000000000060E /* Cache */ = {isa = PBXGroup; children = (); path = Cache; sourceTree = "<group>"; };
		00000000000000000000060F /* Shared */ = {
			isa = PBXGroup;
			children = (
				000000000000000000000619 /* Components */,
				00000000000000000000061A /* Extensions */,
				00000000000000000000061B /* Utilities */,
			);
			path = Shared;
			sourceTree = "<group>";
		};
		000000000000000000000610 /* Pairing */ = {isa = PBXGroup; children = (); path = Pairing; sourceTree = "<group>"; };
		000000000000000000000611 /* MonthlyBest */ = {isa = PBXGroup; children = (); path = MonthlyBest; sourceTree = "<group>"; };
		000000000000000000000612 /* AnnualBest */ = {isa = PBXGroup; children = (); path = AnnualBest; sourceTree = "<group>"; };
		000000000000000000000613 /* CustomCategories */ = {isa = PBXGroup; children = (); path = CustomCategories; sourceTree = "<group>"; };
		000000000000000000000614 /* TextCategories */ = {isa = PBXGroup; children = (); path = TextCategories; sourceTree = "<group>"; };
		000000000000000000000615 /* RevivalPicks */ = {isa = PBXGroup; children = (); path = RevivalPicks; sourceTree = "<group>"; };
		000000000000000000000616 /* ResultReveal */ = {isa = PBXGroup; children = (); path = ResultReveal; sourceTree = "<group>"; };
		000000000000000000000617 /* Settings */ = {isa = PBXGroup; children = (); path = Settings; sourceTree = "<group>"; };
		000000000000000000000618 /* Storage */ = {isa = PBXGroup; children = (); path = Storage; sourceTree = "<group>"; };
		000000000000000000000619 /* Components */ = {isa = PBXGroup; children = (); path = Components; sourceTree = "<group>"; };
		00000000000000000000061A /* Extensions */ = {isa = PBXGroup; children = (); path = Extensions; sourceTree = "<group>"; };
		00000000000000000000061B /* Utilities */ = {isa = PBXGroup; children = (); path = Utilities; sourceTree = "<group>"; };
/* End PBXGroup section */

/* Begin PBXNativeTarget section */
		000000000000000000000401 /* SelectBestPhoto */ = {
			isa = PBXNativeTarget;
			buildConfigurationList = 000000000000000000000701 /* Build configuration list for PBXNativeTarget "SelectBestPhoto" */;
			buildPhases = (
				000000000000000000000801 /* Sources */,
				000000000000000000000501 /* Frameworks */,
				000000000000000000000901 /* Resources */,
			);
			buildRules = (
			);
			dependencies = (
			);
			name = SelectBestPhoto;
			packageProductDependencies = (
				000000000000000000000D01 /* FirebaseCore */,
				000000000000000000000D02 /* FirebaseAuth */,
				000000000000000000000D03 /* FirebaseFirestore */,
				000000000000000000000D04 /* FirebaseStorage */,
			);
			productName = SelectBestPhoto;
			productReference = 000000000000000000000205 /* SelectBestPhoto.app */;
			productType = "com.apple.product-type.application";
		};
		000000000000000000000402 /* SelectBestPhotoTests */ = {
			isa = PBXNativeTarget;
			buildConfigurationList = 000000000000000000000702 /* Build configuration list for PBXNativeTarget "SelectBestPhotoTests" */;
			buildPhases = (
				000000000000000000000802 /* Sources */,
				000000000000000000000502 /* Frameworks */,
				000000000000000000000902 /* Resources */,
			);
			buildRules = (
			);
			dependencies = (
				000000000000000000000303 /* PBXTargetDependency */,
			);
			name = SelectBestPhotoTests;
			productName = SelectBestPhotoTests;
			productReference = 000000000000000000000206 /* SelectBestPhotoTests.xctest */;
			productType = "com.apple.product-type.bundle.unit-test";
		};
		000000000000000000000403 /* SelectBestPhotoUITests */ = {
			isa = PBXNativeTarget;
			buildConfigurationList = 000000000000000000000703 /* Build configuration list for PBXNativeTarget "SelectBestPhotoUITests" */;
			buildPhases = (
				000000000000000000000803 /* Sources */,
				000000000000000000000503 /* Frameworks */,
				000000000000000000000903 /* Resources */,
			);
			buildRules = (
			);
			dependencies = (
				000000000000000000000304 /* PBXTargetDependency */,
			);
			name = SelectBestPhotoUITests;
			productName = SelectBestPhotoUITests;
			productReference = 000000000000000000000207 /* SelectBestPhotoUITests.xctest */;
			productType = "com.apple.product-type.bundle.ui-testing";
		};
/* End PBXNativeTarget section */

/* Begin PBXProject section */
		000000000000000000000001 /* Project object */ = {
			isa = PBXProject;
			attributes = {
				BuildIndependentTargetsInParallel = 1;
				LastSwiftUpdateCheck = 2700;
				LastUpgradeCheck = 2700;
				TargetAttributes = {
					000000000000000000000401 = {CreatedOnToolsVersion = 27.0; };
					000000000000000000000402 = {CreatedOnToolsVersion = 27.0; TestTargetID = 000000000000000000000401; };
					000000000000000000000403 = {CreatedOnToolsVersion = 27.0; TestTargetID = 000000000000000000000401; };
				};
			};
			buildConfigurationList = 000000000000000000000700 /* Build configuration list for PBXProject "SelectBestPhoto" */;
			compatibilityVersion = "Xcode 14.0";
			developmentRegion = ja;
			hasScannedForEncodings = 0;
			knownRegions = (
				ja,
				en,
				Base,
			);
			mainGroup = 000000000000000000000601;
			packageReferences = (
				000000000000000000000C01 /* XCRemoteSwiftPackageReference "firebase-ios-sdk" */,
			);
			productRefGroup = 000000000000000000000608 /* Products */;
			projectDirPath = "";
			projectRoot = "";
			targets = (
				000000000000000000000401 /* SelectBestPhoto */,
				000000000000000000000402 /* SelectBestPhotoTests */,
				000000000000000000000403 /* SelectBestPhotoUITests */,
			);
		};
/* End PBXProject section */

/* Begin PBXResourcesBuildPhase section */
		000000000000000000000901 /* Resources */ = {isa = PBXResourcesBuildPhase; buildActionMask = 2147483647; files = (); runOnlyForDeploymentPostprocessing = 0; };
		000000000000000000000902 /* Resources */ = {isa = PBXResourcesBuildPhase; buildActionMask = 2147483647; files = (); runOnlyForDeploymentPostprocessing = 0; };
		000000000000000000000903 /* Resources */ = {isa = PBXResourcesBuildPhase; buildActionMask = 2147483647; files = (); runOnlyForDeploymentPostprocessing = 0; };
/* End PBXResourcesBuildPhase section */

/* Begin PBXSourcesBuildPhase section */
		000000000000000000000801 /* Sources */ = {
			isa = PBXSourcesBuildPhase;
			buildActionMask = 2147483647;
			files = (
				000000000000000000000101 /* SelectBestPhotoApp.swift in Sources */,
				000000000000000000000102 /* HomeView.swift in Sources */,
				000000000000000000000109 /* AppDelegate.swift in Sources */,
			);
			runOnlyForDeploymentPostprocessing = 0;
		};
		000000000000000000000802 /* Sources */ = {
			isa = PBXSourcesBuildPhase;
			buildActionMask = 2147483647;
			files = (
				000000000000000000000103 /* SelectBestPhotoTests.swift in Sources */,
			);
			runOnlyForDeploymentPostprocessing = 0;
		};
		000000000000000000000803 /* Sources */ = {
			isa = PBXSourcesBuildPhase;
			buildActionMask = 2147483647;
			files = (
				000000000000000000000104 /* SelectBestPhotoUITests.swift in Sources */,
			);
			runOnlyForDeploymentPostprocessing = 0;
		};
/* End PBXSourcesBuildPhase section */

/* Begin PBXTargetDependency section */
		000000000000000000000303 /* PBXTargetDependency */ = {isa = PBXTargetDependency; target = 000000000000000000000401 /* SelectBestPhoto */; targetProxy = 000000000000000000000301 /* PBXContainerItemProxy */; };
		000000000000000000000304 /* PBXTargetDependency */ = {isa = PBXTargetDependency; target = 000000000000000000000401 /* SelectBestPhoto */; targetProxy = 000000000000000000000302 /* PBXContainerItemProxy */; };
/* End PBXTargetDependency section */

/* Begin XCBuildConfiguration section */
		000000000000000000000A01 /* Debug */ = {
			isa = XCBuildConfiguration;
			buildSettings = {
				ALWAYS_SEARCH_USER_PATHS = NO;
				CLANG_ANALYZER_NONNULL = YES;
				CLANG_ANALYZER_NUMBER_OBJECT_CONVERSION = YES_AGGRESSIVE;
				CLANG_CXX_LANGUAGE_STANDARD = "gnu++20";
				CLANG_ENABLE_MODULES = YES;
				CLANG_ENABLE_OBJC_ARC = YES;
				CLANG_ENABLE_OBJC_WEAK = YES;
				CLANG_WARN_BLOCK_CAPTURE_AUTORELEASING = YES;
				CLANG_WARN_BOOL_CONVERSION = YES;
				CLANG_WARN_COMMA = YES;
				CLANG_WARN_CONSTANT_CONVERSION = YES;
				CLANG_WARN_DEPRECATED_OBJC_IMPLEMENTATIONS = YES;
				CLANG_WARN_DIRECT_OBJC_ISA_USAGE = YES_ERROR;
				CLANG_WARN_DOCUMENTATION_COMMENTS = YES;
				CLANG_WARN_EMPTY_BODY = YES;
				CLANG_WARN_ENUM_CONVERSION = YES;
				CLANG_WARN_INFINITE_RECURSION = YES;
				CLANG_WARN_INT_CONVERSION = YES;
				CLANG_WARN_NON_LITERAL_NULL_CONVERSION = YES;
				CLANG_WARN_OBJC_IMPLICIT_RETAIN_SELF = YES;
				CLANG_WARN_OBJC_LITERAL_CONVERSION = YES;
				CLANG_WARN_OBJC_ROOT_CLASS = YES_ERROR;
				CLANG_WARN_QUOTED_INCLUDE_IN_FRAMEWORK_HEADER = YES;
				CLANG_WARN_RANGE_LOOP_ANALYSIS = YES;
				CLANG_WARN_STRICT_PROTOTYPES = YES;
				CLANG_WARN_SUSPICIOUS_MOVE = YES;
				CLANG_WARN_UNGUARDED_AVAILABILITY = YES_AGGRESSIVE;
				CLANG_WARN_UNREACHABLE_CODE = YES;
				CLANG_WARN__DUPLICATE_METHOD_MATCH = YES;
				COPY_PHASE_STRIP = NO;
				DEBUG_INFORMATION_FORMAT = dwarf;
				ENABLE_STRICT_OBJC_MSGSEND = YES;
				ENABLE_TESTABILITY = YES;
				ENABLE_USER_SCRIPT_SANDBOXING = YES;
				GCC_C_LANGUAGE_STANDARD = gnu17;
				GCC_DYNAMIC_NO_PIC = NO;
				GCC_NO_COMMON_BLOCKS = YES;
				GCC_OPTIMIZATION_LEVEL = 0;
				GCC_PREPROCESSOR_DEFINITIONS = (
					"DEBUG=1",
					"$(inherited)",
				);
				GCC_WARN_64_TO_32_BIT_CONVERSION = YES;
				GCC_WARN_ABOUT_RETURN_TYPE = YES_ERROR;
				GCC_WARN_UNDECLARED_SELECTOR = YES;
				GCC_WARN_UNINITIALIZED_AUTOS = YES_AGGRESSIVE;
				GCC_WARN_UNUSED_FUNCTION = YES;
				GCC_WARN_UNUSED_VARIABLE = YES;
				IPHONEOS_DEPLOYMENT_TARGET = 18.0;
				LOCALIZATION_PREFERS_STRING_CATALOGS = YES;
				MTL_ENABLE_DEBUG_INFO = INCLUDE_SOURCE;
				MTL_FAST_MATH = YES;
				ONLY_ACTIVE_ARCH = YES;
				SDKROOT = iphoneos;
				SWIFT_ACTIVE_COMPILATION_CONDITIONS = DEBUG;
				SWIFT_EMIT_LOC_STRINGS = YES;
				SWIFT_VERSION = 6.0;
			};
			name = Debug;
		};
		000000000000000000000A02 /* Release */ = {
			isa = XCBuildConfiguration;
			buildSettings = {
				ALWAYS_SEARCH_USER_PATHS = NO;
				CLANG_ANALYZER_NONNULL = YES;
				CLANG_ANALYZER_NUMBER_OBJECT_CONVERSION = YES_AGGRESSIVE;
				CLANG_CXX_LANGUAGE_STANDARD = "gnu++20";
				CLANG_ENABLE_MODULES = YES;
				CLANG_ENABLE_OBJC_ARC = YES;
				CLANG_ENABLE_OBJC_WEAK = YES;
				CLANG_WARN_BLOCK_CAPTURE_AUTORELEASING = YES;
				CLANG_WARN_BOOL_CONVERSION = YES;
				CLANG_WARN_COMMA = YES;
				CLANG_WARN_CONSTANT_CONVERSION = YES;
				CLANG_WARN_DEPRECATED_OBJC_IMPLEMENTATIONS = YES;
				CLANG_WARN_DIRECT_OBJC_ISA_USAGE = YES_ERROR;
				CLANG_WARN_DOCUMENTATION_COMMENTS = YES;
				CLANG_WARN_EMPTY_BODY = YES;
				CLANG_WARN_ENUM_CONVERSION = YES;
				CLANG_WARN_INFINITE_RECURSION = YES;
				CLANG_WARN_INT_CONVERSION = YES;
				CLANG_WARN_NON_LITERAL_NULL_CONVERSION = YES;
				CLANG_WARN_OBJC_IMPLICIT_RETAIN_SELF = YES;
				CLANG_WARN_OBJC_LITERAL_CONVERSION = YES;
				CLANG_WARN_OBJC_ROOT_CLASS = YES_ERROR;
				CLANG_WARN_QUOTED_INCLUDE_IN_FRAMEWORK_HEADER = YES;
				CLANG_WARN_RANGE_LOOP_ANALYSIS = YES;
				CLANG_WARN_STRICT_PROTOTYPES = YES;
				CLANG_WARN_SUSPICIOUS_MOVE = YES;
				CLANG_WARN_UNGUARDED_AVAILABILITY = YES_AGGRESSIVE;
				CLANG_WARN_UNREACHABLE_CODE = YES;
				CLANG_WARN__DUPLICATE_METHOD_MATCH = YES;
				COPY_PHASE_STRIP = NO;
				DEBUG_INFORMATION_FORMAT = "dwarf-with-dsym";
				ENABLE_NS_ASSERTIONS = NO;
				ENABLE_STRICT_OBJC_MSGSEND = YES;
				ENABLE_USER_SCRIPT_SANDBOXING = YES;
				GCC_C_LANGUAGE_STANDARD = gnu17;
				GCC_NO_COMMON_BLOCKS = YES;
				GCC_WARN_64_TO_32_BIT_CONVERSION = YES;
				GCC_WARN_ABOUT_RETURN_TYPE = YES_ERROR;
				GCC_WARN_UNDECLARED_SELECTOR = YES;
				GCC_WARN_UNINITIALIZED_AUTOS = YES_AGGRESSIVE;
				GCC_WARN_UNUSED_FUNCTION = YES;
				GCC_WARN_UNUSED_VARIABLE = YES;
				IPHONEOS_DEPLOYMENT_TARGET = 18.0;
				LOCALIZATION_PREFERS_STRING_CATALOGS = YES;
				MTL_ENABLE_DEBUG_INFO = NO;
				MTL_FAST_MATH = YES;
				SDKROOT = iphoneos;
				SWIFT_COMPILATION_MODE = wholemodule;
				SWIFT_EMIT_LOC_STRINGS = YES;
				SWIFT_VERSION = 6.0;
				VALIDATE_PRODUCT = YES;
			};
			name = Release;
		};
		000000000000000000000A03 /* Debug */ = {
			isa = XCBuildConfiguration;
			buildSettings = {
				ASSETCATALOG_COMPILER_APPICON_NAME = AppIcon;
				CODE_SIGN_STYLE = Automatic;
				CURRENT_PROJECT_VERSION = 1;
				DEVELOPMENT_ASSET_PATHS = "";
				DEVELOPMENT_TEAM = "";
				ENABLE_PREVIEWS = YES;
				GENERATE_INFOPLIST_FILE = YES;
				INFOPLIST_KEY_CFBundleDisplayName = SelectBestPhoto;
				INFOPLIST_KEY_LSApplicationCategoryType = "public.app-category.photography";
				INFOPLIST_KEY_UILaunchScreen_Generation = YES;
				INFOPLIST_KEY_UISupportedInterfaceOrientations_iPhone = "UIInterfaceOrientationPortrait UIInterfaceOrientationLandscapeLeft UIInterfaceOrientationLandscapeRight";
				IPHONEOS_DEPLOYMENT_TARGET = 18.0;
				MARKETING_VERSION = 1.0;
				PRODUCT_BUNDLE_IDENTIFIER = com.hirotokouno.SelectBestPhoto;
				PRODUCT_NAME = "$(TARGET_NAME)";
				SUPPORTED_PLATFORMS = "iphoneos iphonesimulator";
				SUPPORTS_MACCATALYST = NO;
				SUPPORTS_MAC_DESIGNED_FOR_IPHONE_IPAD = NO;
				SWIFT_VERSION = 6.0;
				TARGETED_DEVICE_FAMILY = 1;
			};
			name = Debug;
		};
		000000000000000000000A04 /* Release */ = {
			isa = XCBuildConfiguration;
			buildSettings = {
				ASSETCATALOG_COMPILER_APPICON_NAME = AppIcon;
				CODE_SIGN_STYLE = Automatic;
				CURRENT_PROJECT_VERSION = 1;
				DEVELOPMENT_ASSET_PATHS = "";
				DEVELOPMENT_TEAM = "";
				ENABLE_PREVIEWS = YES;
				GENERATE_INFOPLIST_FILE = YES;
				INFOPLIST_KEY_CFBundleDisplayName = SelectBestPhoto;
				INFOPLIST_KEY_LSApplicationCategoryType = "public.app-category.photography";
				INFOPLIST_KEY_UILaunchScreen_Generation = YES;
				INFOPLIST_KEY_UISupportedInterfaceOrientations_iPhone = "UIInterfaceOrientationPortrait UIInterfaceOrientationLandscapeLeft UIInterfaceOrientationLandscapeRight";
				IPHONEOS_DEPLOYMENT_TARGET = 18.0;
				MARKETING_VERSION = 1.0;
				PRODUCT_BUNDLE_IDENTIFIER = com.hirotokouno.SelectBestPhoto;
				PRODUCT_NAME = "$(TARGET_NAME)";
				SUPPORTED_PLATFORMS = "iphoneos iphonesimulator";
				SUPPORTS_MACCATALYST = NO;
				SUPPORTS_MAC_DESIGNED_FOR_IPHONE_IPAD = NO;
				SWIFT_VERSION = 6.0;
				TARGETED_DEVICE_FAMILY = 1;
			};
			name = Release;
		};
		000000000000000000000A05 /* Debug */ = {
			isa = XCBuildConfiguration;
			buildSettings = {
				BUNDLE_LOADER = "$(TEST_HOST)";
				CODE_SIGN_STYLE = Automatic;
				CURRENT_PROJECT_VERSION = 1;
				DEVELOPMENT_TEAM = "";
				GENERATE_INFOPLIST_FILE = YES;
				IPHONEOS_DEPLOYMENT_TARGET = 18.0;
				MARKETING_VERSION = 1.0;
				PRODUCT_BUNDLE_IDENTIFIER = com.hirotokouno.SelectBestPhotoTests;
				PRODUCT_NAME = "$(TARGET_NAME)";
				SUPPORTED_PLATFORMS = "iphoneos iphonesimulator";
				SWIFT_VERSION = 6.0;
				TARGETED_DEVICE_FAMILY = 1;
				TEST_HOST = "$(BUILT_PRODUCTS_DIR)/SelectBestPhoto.app/$(BUNDLE_EXECUTABLE_FOLDER_PATH)/SelectBestPhoto";
			};
			name = Debug;
		};
		000000000000000000000A06 /* Release */ = {
			isa = XCBuildConfiguration;
			buildSettings = {
				BUNDLE_LOADER = "$(TEST_HOST)";
				CODE_SIGN_STYLE = Automatic;
				CURRENT_PROJECT_VERSION = 1;
				DEVELOPMENT_TEAM = "";
				GENERATE_INFOPLIST_FILE = YES;
				IPHONEOS_DEPLOYMENT_TARGET = 18.0;
				MARKETING_VERSION = 1.0;
				PRODUCT_BUNDLE_IDENTIFIER = com.hirotokouno.SelectBestPhotoTests;
				PRODUCT_NAME = "$(TARGET_NAME)";
				SUPPORTED_PLATFORMS = "iphoneos iphonesimulator";
				SWIFT_VERSION = 6.0;
				TARGETED_DEVICE_FAMILY = 1;
				TEST_HOST = "$(BUILT_PRODUCTS_DIR)/SelectBestPhoto.app/$(BUNDLE_EXECUTABLE_FOLDER_PATH)/SelectBestPhoto";
			};
			name = Release;
		};
		000000000000000000000A07 /* Debug */ = {
			isa = XCBuildConfiguration;
			buildSettings = {
				CODE_SIGN_STYLE = Automatic;
				CURRENT_PROJECT_VERSION = 1;
				DEVELOPMENT_TEAM = "";
				GENERATE_INFOPLIST_FILE = YES;
				IPHONEOS_DEPLOYMENT_TARGET = 18.0;
				MARKETING_VERSION = 1.0;
				PRODUCT_BUNDLE_IDENTIFIER = com.hirotokouno.SelectBestPhotoUITests;
				PRODUCT_NAME = "$(TARGET_NAME)";
				SUPPORTED_PLATFORMS = "iphoneos iphonesimulator";
				SWIFT_VERSION = 6.0;
				TARGETED_DEVICE_FAMILY = 1;
				TEST_TARGET_NAME = SelectBestPhoto;
			};
			name = Debug;
		};
		000000000000000000000A08 /* Release */ = {
			isa = XCBuildConfiguration;
			buildSettings = {
				CODE_SIGN_STYLE = Automatic;
				CURRENT_PROJECT_VERSION = 1;
				DEVELOPMENT_TEAM = "";
				GENERATE_INFOPLIST_FILE = YES;
				IPHONEOS_DEPLOYMENT_TARGET = 18.0;
				MARKETING_VERSION = 1.0;
				PRODUCT_BUNDLE_IDENTIFIER = com.hirotokouno.SelectBestPhotoUITests;
				PRODUCT_NAME = "$(TARGET_NAME)";
				SUPPORTED_PLATFORMS = "iphoneos iphonesimulator";
				SWIFT_VERSION = 6.0;
				TARGETED_DEVICE_FAMILY = 1;
				TEST_TARGET_NAME = SelectBestPhoto;
			};
			name = Release;
		};
/* End XCBuildConfiguration section */

/* Begin XCConfigurationList section */
		000000000000000000000700 /* Build configuration list for PBXProject "SelectBestPhoto" */ = {
			isa = XCConfigurationList;
			buildConfigurations = (
				000000000000000000000A01 /* Debug */,
				000000000000000000000A02 /* Release */,
			);
			defaultConfigurationIsVisible = 0;
			defaultConfigurationName = Release;
		};
		000000000000000000000701 /* Build configuration list for PBXNativeTarget "SelectBestPhoto" */ = {
			isa = XCConfigurationList;
			buildConfigurations = (
				000000000000000000000A03 /* Debug */,
				000000000000000000000A04 /* Release */,
			);
			defaultConfigurationIsVisible = 0;
			defaultConfigurationName = Release;
		};
		000000000000000000000702 /* Build configuration list for PBXNativeTarget "SelectBestPhotoTests" */ = {
			isa = XCConfigurationList;
			buildConfigurations = (
				000000000000000000000A05 /* Debug */,
				000000000000000000000A06 /* Release */,
			);
			defaultConfigurationIsVisible = 0;
			defaultConfigurationName = Release;
		};
		000000000000000000000703 /* Build configuration list for PBXNativeTarget "SelectBestPhotoUITests" */ = {
			isa = XCConfigurationList;
			buildConfigurations = (
				000000000000000000000A07 /* Debug */,
				000000000000000000000A08 /* Release */,
			);
			defaultConfigurationIsVisible = 0;
			defaultConfigurationName = Release;
		};
/* End XCConfigurationList section */

/* Begin XCRemoteSwiftPackageReference section */
		000000000000000000000C01 /* XCRemoteSwiftPackageReference "firebase-ios-sdk" */ = {
			isa = XCRemoteSwiftPackageReference;
			repositoryURL = "https://github.com/firebase/firebase-ios-sdk";
			requirement = {
				kind = upToNextMajorVersion;
				minimumVersion = 12.0.0;
			};
		};
/* End XCRemoteSwiftPackageReference section */

/* Begin XCSwiftPackageProductDependency section */
		000000000000000000000D01 /* FirebaseCore */ = {
			isa = XCSwiftPackageProductDependency;
			package = 000000000000000000000C01 /* XCRemoteSwiftPackageReference "firebase-ios-sdk" */;
			productName = FirebaseCore;
		};
		000000000000000000000D02 /* FirebaseAuth */ = {
			isa = XCSwiftPackageProductDependency;
			package = 000000000000000000000C01 /* XCRemoteSwiftPackageReference "firebase-ios-sdk" */;
			productName = FirebaseAuth;
		};
		000000000000000000000D03 /* FirebaseFirestore */ = {
			isa = XCSwiftPackageProductDependency;
			package = 000000000000000000000C01 /* XCRemoteSwiftPackageReference "firebase-ios-sdk" */;
			productName = FirebaseFirestore;
		};
		000000000000000000000D04 /* FirebaseStorage */ = {
			isa = XCSwiftPackageProductDependency;
			package = 000000000000000000000C01 /* XCRemoteSwiftPackageReference "firebase-ios-sdk" */;
			productName = FirebaseStorage;
		};
/* End XCSwiftPackageProductDependency section */
	};
	rootObject = 000000000000000000000001 /* Project object */;
}
